// !$*UTF8*$!
{
	archiveVersion = 1;
	classes = {
	};
	objectVersion = 56;
	objects = {

/* Begin PBXBuildFile section */
		57E999D0297449C600F531E1 /* landmarkData.json in Resources */ = {isa = PBXBuildFile; fileRef = 57E999CF297449C600F531E1 /* landmarkData.json */; };
		57E999D2297449F300F531E1 /* Landmark.swift in Sources */ = {isa = PBXBuildFile; fileRef = 57E999D1297449F300F531E1 /* Landmark.swift */; };
		57E999D42974CAC400F531E1 /* ModelData.swift in Sources */ = {isa = PBXBuildFile; fileRef = 57E999D32974CAC400F531E1 /* ModelData.swift */; };
		57E999D92974D07100F531E1 /* LandmarkRow.swift in Sources */ = {isa = PBXBuildFile; fileRef = 57E999D82974D07000F531E1 /* LandmarkRow.swift */; };
		57E999DB2974D40300F531E1 /* LandmarkList.swift in Sources */ = {isa = PBXBuildFile; fileRef = 57E999DA2974D40300F531E1 /* LandmarkList.swift */; };
		B221A3E3296F9EF30076A0ED /* FirstApp.swift in Sources */ = {isa = PBXBuildFile; fileRef = B221A3E2296F9EF30076A0ED /* FirstApp.swift */; };
		B221A3E5296F9EF30076A0ED /* ContentView.swift in Sources */ = {isa = PBXBuildFile; fileRef = B221A3E4296F9EF30076A0ED /* ContentView.swift */; };
		B221A3E7296F9EFF0076A0ED /* Assets.xcassets in Resources */ = {isa = PBXBuildFile; fileRef = B221A3E6296F9EFF0076A0ED /* Assets.xcassets */; };
		B221A3EA296F9EFF0076A0ED /* Preview Assets.xcassets in Resources */ = {isa = PBXBuildFile; fileRef = B221A3E9296F9EFF0076A0ED /* Preview Assets.xcassets */; };
		B221A3F4296F9F010076A0ED /* FirstTests.swift in Sources */ = {isa = PBXBuildFile; fileRef = B221A3F3296F9F010076A0ED /* FirstTests.swift */; };
		B221A3FE296F9F010076A0ED /* FirstUITests.swift in Sources */ = {isa = PBXBuildFile; fileRef = B221A3FD296F9F010076A0ED /* FirstUITests.swift */; };
		B221A400296F9F010076A0ED /* FirstUITestsLaunchTests.swift in Sources */ = {isa = PBXBuildFile; fileRef = B221A3FF296F9F010076A0ED /* FirstUITestsLaunchTests.swift */; };
		B2B9E3F0296FBB23002AF01C /* CircleImage.swift in Sources */ = {isa = PBXBuildFile; fileRef = B2B9E3EF296FBB23002AF01C /* CircleImage.swift */; };
		B2B9E3F2296FBC1B002AF01C /* MapView.swift in Sources */ = {isa = PBXBuildFile; fileRef = B2B9E3F1296FBC1B002AF01C /* MapView.swift */; };
/* End PBXBuildFile section */

/* Begin PBXContainerItemProxy section */
		B221A3F0296F9F010076A0ED /* PBXContainerItemProxy */ = {
			isa = PBXContainerItemProxy;
			containerPortal = B221A3D7296F9EF30076A0ED /* Project object */;
			proxyType = 1;
			remoteGlobalIDString = B221A3DE296F9EF30076A0ED;
			remoteInfo = First;
		};
		B221A3FA296F9F010076A0ED /* PBXContainerItemProxy */ = {
			isa = PBXContainerItemProxy;
			containerPortal = B221A3D7296F9EF30076A0ED /* Project object */;
			proxyType = 1;
			remoteGlobalIDString = B221A3DE296F9EF30076A0ED;
			remoteInfo = First;
		};
/* End PBXContainerItemProxy section */

/* Begin PBXFileReference section */
		57E999CF297449C600F531E1 /* landmarkData.json */ = {isa = PBXFileReference; fileEncoding = 4; lastKnownFileType = text.json; path = landmarkData.json; sourceTree = "<group>"; };
		57E999D1297449F300F531E1 /* Landmark.swift */ = {isa = PBXFileReference; lastKnownFileType = sourcecode.swift; path = Landmark.swift; sourceTree = "<group>"; };
		57E999D32974CAC400F531E1 /* ModelData.swift */ = {isa = PBXFileReference; lastKnownFileType = sourcecode.swift; path = ModelData.swift; sourceTree = "<group>"; };
		57E999D82974D07000F531E1 /* LandmarkRow.swift */ = {isa = PBXFileReference; lastKnownFileType = sourcecode.swift; path = LandmarkRow.swift; sourceTree = "<group>"; };
		57E999DA2974D40300F531E1 /* LandmarkList.swift */ = {isa = PBXFileReference; lastKnownFileType = sourcecode.swift; path = LandmarkList.swift; sourceTree = "<group>"; };
		B221A3DF296F9EF30076A0ED /* First.app */ = {isa = PBXFileReference; explicitFileType = wrapper.application; includeInIndex = 0; path = First.app; sourceTree = BUILT_PRODUCTS_DIR; };
		B221A3E2296F9EF30076A0ED /* FirstApp.swift */ = {isa = PBXFileReference; lastKnownFileType = sourcecode.swift; path = FirstApp.swift; sourceTree = "<group>"; };
		B221A3E4296F9EF30076A0ED /* ContentView.swift */ = {isa = PBXFileReference; lastKnownFileType = sourcecode.swift; path = ContentView.swift; sourceTree = "<group>"; };
		B221A3E6296F9EFF0076A0ED /* Assets.xcassets */ = {isa = PBXFileReference; lastKnownFileType = folder.assetcatalog; path = Assets.xcassets; sourceTree = "<group>"; };
		B221A3E9296F9EFF0076A0ED /* Preview Assets.xcassets */ = {isa = PBXFileReference; lastKnownFileType = folder.assetcatalog; path = "Preview Assets.xcassets"; sourceTree = "<group>"; };
		B221A3EF296F9F010076A0ED /* FirstTests.xctest */ = {isa = PBXFileReference; explicitFileType = wrapper.cfbundle; includeInIndex = 0; path = FirstTests.xctest; sourceTree = BUILT_PRODUCTS_DIR; };
		B221A3F3296F9F010076A0ED /* FirstTests.swift */ = {isa = PBXFileReference; lastKnownFileType = sourcecode.swift; path = FirstTests.swift; sourceTree = "<group>"; };
		B221A3F9296F9F010076A0ED /* FirstUITests.xctest */ = {isa = PBXFileReference; explicitFileType = wrapper.cfbundle; includeInIndex = 0; path = FirstUITests.xctest; sourceTree = BUILT_PRODUCTS_DIR; };
		B221A3FD296F9F010076A0ED /* FirstUITests.swift */ = {isa = PBXFileReference; lastKnownFileType = sourcecode.swift; path = FirstUITests.swift; sourceTree = "<group>"; };
		B221A3FF296F9F010076A0ED /* FirstUITestsLaunchTests.swift */ = {isa = PBXFileReference; lastKnownFileType = sourcecode.swift; path = FirstUITestsLaunchTests.swift; sourceTree = "<group>"; };
		B2B9E3EF296FBB23002AF01C /* CircleImage.swift */ = {isa = PBXFileReference; lastKnownFileType = sourcecode.swift; path = CircleImage.swift; sourceTree = "<group>"; };
		B2B9E3F1296FBC1B002AF01C /* MapView.swift */ = {isa = PBXFileReference; lastKnownFileType = sourcecode.swift; path = MapView.swift; sourceTree = "<group>"; };
/* End PBXFileReference section */

/* Begin PBXFrameworksBuildPhase section */
		B221A3DC296F9EF30076A0ED /* Frameworks */ = {
			isa = PBXFrameworksBuildPhase;
			buildActionMask = 2147483647;
			files = (
			);
			runOnlyForDeploymentPostprocessing = 0;
		};
		B221A3EC296F9F010076A0ED /* Frameworks */ = {
			isa = PBXFrameworksBuildPhase;
			buildActionMask = 2147483647;
			files = (
			);
			runOnlyForDeploymentPostprocessing = 0;
		};
		B221A3F6296F9F010076A0ED /* Frameworks */ = {
			isa = PBXFrameworksBuildPhase;
			buildActionMask = 2147483647;
			files = (
			);
			runOnlyForDeploymentPostprocessing = 0;
		};
/* End PBXFrameworksBuildPhase section */

/* Begin PBXGroup section */
		57E999D52974CD6700F531E1 /* Views */ = {
			isa = PBXGroup;
			children = (
				B2B9E3EF296FBB23002AF01C /* CircleImage.swift */,
				B221A3E4296F9EF30076A0ED /* ContentView.swift */,
				B2B9E3F1296FBC1B002AF01C /* MapView.swift */,
				57E999D82974D07000F531E1 /* LandmarkRow.swift */,
				57E999DA2974D40300F531E1 /* LandmarkList.swift */,
			);
			path = Views;
			sourceTree = "<group>";
		};
		57E999D62974CDD100F531E1 /* Model */ = {
			isa = PBXGroup;
			children = (
				57E999D1297449F300F531E1 /* Landmark.swift */,
				57E999D32974CAC400F531E1 /* ModelData.swift */,
			);
			path = Model;
			sourceTree = "<group>";
		};
		57E999D72974CDFA00F531E1 /* Resources */ = {
			isa = PBXGroup;
			children = (
				57E999CF297449C600F531E1 /* landmarkData.json */,
			);
			path = Resources;
			sourceTree = "<group>";
		};
		B221A3D6296F9EF30076A0ED = {
			isa = PBXGroup;
			children = (
				B221A3E1296F9EF30076A0ED /* First */,
				B221A3F2296F9F010076A0ED /* FirstTests */,
				B221A3FC296F9F010076A0ED /* FirstUITests */,
				B221A3E0296F9EF30076A0ED /* Products */,
			);
			sourceTree = "<group>";
		};
		B221A3E0296F9EF30076A0ED /* Products */ = {
			isa = PBXGroup;
			children = (
				B221A3DF296F9EF30076A0ED /* First.app */,
				B221A3EF296F9F010076A0ED /* FirstTests.xctest */,
				B221A3F9296F9F010076A0ED /* FirstUITests.xctest */,
			);
			name = Products;
			sourceTree = "<group>";
		};
		B221A3E1296F9EF30076A0ED /* First */ = {
			isa = PBXGroup;
			children = (
				B221A3E2296F9EF30076A0ED /* FirstApp.swift */,
				57E999D52974CD6700F531E1 /* Views */,
				57E999D62974CDD100F531E1 /* Model */,
				57E999D72974CDFA00F531E1 /* Resources */,
				B221A3E6296F9EFF0076A0ED /* Assets.xcassets */,
				B221A3E8296F9EFF0076A0ED /* Preview Content */,
			);
			path = First;
			sourceTree = "<group>";
		};
		B221A3E8296F9EFF0076A0ED /* Preview Content */ = {
			isa = PBXGroup;
			children = (
				B221A3E9296F9EFF0076A0ED /* Preview Assets.xcassets */,
			);
			path = "Preview Content";
			sourceTree = "<group>";
		};
		B221A3F2296F9F010076A0ED /* FirstTests */ = {
			isa = PBXGroup;
			children = (
				B221A3F3296F9F010076A0ED /* FirstTests.swift */,
			);
			path = FirstTests;
			sourceTree = "<group>";
		};
		B221A3FC296F9F010076A0ED /* FirstUITests */ = {
			isa = PBXGroup;
			children = (
				B221A3FD296F9F010076A0ED /* FirstUITests.swift */,
				B221A3FF296F9F010076A0ED /* FirstUITestsLaunchTests.swift */,
			);
			path = FirstUITests;
			sourceTree = "<group>";
		};
/* End PBXGroup section */

/* Begin PBXNativeTarget section */
		B221A3DE296F9EF30076A0ED /* First */ = {
			isa = PBXNativeTarget;
			buildConfigurationList = B221A403296F9F010076A0ED /* Build configuration list for PBXNativeTarget "First" */;
			buildPhases = (
				B221A3DB296F9EF30076A0ED /* Sources */,
				B221A3DC296F9EF30076A0ED /* Frameworks */,
				B221A3DD296F9EF30076A0ED /* Resources */,
			);
			buildRules = (
			);
			dependencies = (
			);
			name = First;
			productName = First;
			productReference = B221A3DF296F9EF30076A0ED /* First.app */;
			productType = "com.apple.product-type.application";
		};
		B221A3EE296F9F010076A0ED /* FirstTests */ = {
			isa = PBXNativeTarget;
			buildConfigurationList = B221A406296F9F010076A0ED /* Build configuration list for PBXNativeTarget "FirstTests" */;
			buildPhases = (
				B221A3EB296F9F010076A0ED /* Sources */,
				B221A3EC296F9F010076A0ED /* Frameworks */,
				B221A3ED296F9F010076A0ED /* Resources */,
			);
			buildRules = (
			);
			dependencies = (
				B221A3F1296F9F010076A0ED /* PBXTargetDependency */,
			);
			name = FirstTests;
			productName = FirstTests;
			productReference = B221A3EF296F9F010076A0ED /* FirstTests.xctest */;
			productType = "com.apple.product-type.bundle.unit-test";
		};
		B221A3F8296F9F010076A0ED /* FirstUITests */ = {
			isa = PBXNativeTarget;
			buildConfigurationList = B221A409296F9F010076A0ED /* Build configuration list for PBXNativeTarget "FirstUITests" */;
			buildPhases = (
				B221A3F5296F9F010076A0ED /* Sources */,
				B221A3F6296F9F010076A0ED /* Frameworks */,
				B221A3F7296F9F010076A0ED /* Resources */,
			);
			buildRules = (
			);
			dependencies = (
				B221A3FB296F9F010076A0ED /* PBXTargetDependency */,
			);
			name = FirstUITests;
			productName = FirstUITests;
			productReference = B221A3F9296F9F010076A0ED /* FirstUITests.xctest */;
			productType = "com.apple.product-type.bundle.ui-testing";
		};
/* End PBXNativeTarget section */

/* Begin PBXProject section */
		B221A3D7296F9EF30076A0ED /* Project object */ = {
			isa = PBXProject;
			attributes = {
				BuildIndependentTargetsInParallel = 1;
				LastSwiftUpdateCheck = 1420;
				LastUpgradeCheck = 1420;
				TargetAttributes = {
					B221A3DE296F9EF30076A0ED = {
						CreatedOnToolsVersion = 14.2;
					};
					B221A3EE296F9F010076A0ED = {
						CreatedOnToolsVersion = 14.2;
						TestTargetID = B221A3DE296F9EF30076A0ED;
					};
					B221A3F8296F9F010076A0ED = {
						CreatedOnToolsVersion = 14.2;
						TestTargetID = B221A3DE296F9EF30076A0ED;
					};
				};
			};
			buildConfigurationList = B221A3DA296F9EF30076A0ED /* Build configuration list for PBXProject "First" */;
			compatibilityVersion = "Xcode 14.0";
			developmentRegion = en;
			hasScannedForEncodings = 0;
			knownRegions = (
				en,
				Base,
			);
			mainGroup = B221A3D6296F9EF30076A0ED;
			productRefGroup = B221A3E0296F9EF30076A0ED /* Products */;
			projectDirPath = "";
			projectRoot = "";
			targets = (
				B221A3DE296F9EF30076A0ED /* First */,
				B221A3EE296F9F010076A0ED /* FirstTests */,
				B221A3F8296F9F010076A0ED /* FirstUITests */,
			);
		};
/* End PBXProject section */

/* Begin PBXResourcesBuildPhase section */
		B221A3DD296F9EF30076A0ED /* Resources */ = {
			isa = PBXResourcesBuildPhase;
			buildActionMask = 2147483647;
			files = (
				B221A3EA296F9EFF0076A0ED /* Preview Assets.xcassets in Resources */,
				B221A3E7296F9EFF0076A0ED /* Assets.xcassets in Resources */,
				57E999D0297449C600F531E1 /* landmarkData.json in Resources */,
			);
			runOnlyForDeploymentPostprocessing = 0;
		};
		B221A3ED296F9F010076A0ED /* Resources */ = {
			isa = PBXResourcesBuildPhase;
			buildActionMask = 2147483647;
			files = (
			);
			runOnlyForDeploymentPostprocessing = 0;
		};
		B221A3F7296F9F010076A0ED /* Resources */ = {
			isa = PBXResourcesBuildPhase;
			buildActionMask = 2147483647;
			files = (
			);
			runOnlyForDeploymentPostprocessing = 0;
		};
/* End PBXResourcesBuildPhase section */

/* Begin PBXSourcesBuildPhase section */
		B221A3DB296F9EF30076A0ED /* Sources */ = {
			isa = PBXSourcesBuildPhase;
			buildActionMask = 2147483647;
			files = (
				B221A3E5296F9EF30076A0ED /* ContentView.swift in Sources */,
				B2B9E3F2296FBC1B002AF01C /* MapView.swift in Sources */,
				B221A3E3296F9EF30076A0ED /* FirstApp.swift in Sources */,
				57E999DB2974D40300F531E1 /* LandmarkList.swift in Sources */,
				B2B9E3F0296FBB23002AF01C /* CircleImage.swift in Sources */,
				57E999D2297449F300F531E1 /* Landmark.swift in Sources */,
				57E999D92974D07100F531E1 /* LandmarkRow.swift in Sources */,
				57E999D42974CAC400F531E1 /* ModelData.swift in Sources */,
			);
			runOnlyForDeploymentPostprocessing = 0;
		};
		B221A3EB296F9F010076A0ED /* Sources */ = {
			isa = PBXSourcesBuildPhase;
			buildActionMask = 2147483647;
			files = (
				B221A3F4296F9F010076A0ED /* FirstTests.swift in Sources */,
			);
			runOnlyForDeploymentPostprocessing = 0;
		};
		B221A3F5296F9F010076A0ED /* Sources */ = {
			isa = PBXSourcesBuildPhase;
			buildActionMask = 2147483647;
			files = (
				B221A3FE296F9F010076A0ED /* FirstUITests.swift in Sources */,
				B221A400296F9F010076A0ED /* FirstUITestsLaunchTests.swift in Sources */,
			);
			runOnlyForDeploymentPostprocessing = 0;
		};
/* End PBXSourcesBuildPhase section */

/* Begin PBXTargetDependency section */
		B221A3F1296F9F010076A0ED /* PBXTargetDependency */ = {
			isa = PBXTargetDependency;
			target = B221A3DE296F9EF30076A0ED /* First */;
			targetProxy = B221A3F0296F9F010076A0ED /* PBXContainerItemProxy */;
		};
		B221A3FB296F9F010076A0ED /* PBXTargetDependency */ = {
			isa = PBXTargetDependency;
			target = B221A3DE296F9EF30076A0ED /* First */;
			targetProxy = B221A3FA296F9F010076A0ED /* PBXContainerItemProxy */;
		};
/* End PBXTargetDependency section */

/* Begin XCBuildConfiguration section */
		B221A401296F9F010076A0ED /* Debug */ = {
			isa = XCBuildConfiguration;
			buildSettings = {
				ALWAYS_SEARCH_USER_PATHS = NO;
				CLANG_ANALYZER_NONNULL = YES;
				CLANG_ANALYZER_NUMBER_OBJECT_CONVERSION = YES_AGGRESSIVE;
				CLANG_CXX_LANGUAGE_STANDARD = "gnu++20";
				CLANG_ENABLE_MODULES = YES;
				CLANG_ENABLE_OBJC_ARC = YES;
				CLANG_ENABLE_OBJC_WEAK = YES;
				CLANG_WARN_BLOCK_CAPTURE_AUTORELEASING = YES;
				CLANG_WARN_BOOL_CONVERSION = YES;
				CLANG_WARN_COMMA = YES;
				CLANG_WARN_CONSTANT_CONVERSION = YES;
				CLANG_WARN_DEPRECATED_OBJC_IMPLEMENTATIONS = YES;
				CLANG_WARN_DIRECT_OBJC_ISA_USAGE = YES_ERROR;
				CLANG_WARN_DOCUMENTATION_COMMENTS = YES;
				CLANG_WARN_EMPTY_BODY = YES;
				CLANG_WARN_ENUM_CONVERSION = YES;
				CLANG_WARN_INFINITE_RECURSION = YES;
				CLANG_WARN_INT_CONVERSION = YES;
				CLANG_WARN_NON_LITERAL_NULL_CONVERSION = YES;
				CLANG_WARN_OBJC_IMPLICIT_RETAIN_SELF = YES;
				CLANG_WARN_OBJC_LITERAL_CONVERSION = YES;
				CLANG_WARN_OBJC_ROOT_CLASS = YES_ERROR;
				CLANG_WARN_QUOTED_INCLUDE_IN_FRAMEWORK_HEADER = YES;
				CLANG_WARN_RANGE_LOOP_ANALYSIS = YES;
				CLANG_WARN_STRICT_PROTOTYPES = YES;
				CLANG_WARN_SUSPICIOUS_MOVE = YES;
				CLANG_WARN_UNGUARDED_AVAILABILITY = YES_AGGRESSIVE;
				CLANG_WARN_UNREACHABLE_CODE = YES;
				CLANG_WARN__DUPLICATE_METHOD_MATCH = YES;
				COPY_PHASE_STRIP = NO;
				DEBUG_INFORMATION_FORMAT = dwarf;
				ENABLE_STRICT_OBJC_MSGSEND = YES;
				ENABLE_TESTABILITY = YES;
				GCC_C_LANGUAGE_STANDARD = gnu11;
				GCC_DYNAMIC_NO_PIC = NO;
				GCC_NO_COMMON_BLOCKS = YES;
				GCC_OPTIMIZATION_LEVEL = 0;
				GCC_PREPROCESSOR_DEFINITIONS = (
					"DEBUG=1",
					"$(inherited)",
				);
				GCC_WARN_64_TO_32_BIT_CONVERSION = YES;
				GCC_WARN_ABOUT_RETURN_TYPE = YES_ERROR;
				GCC_WARN_UNDECLARED_SELECTOR = YES;
				GCC_WARN_UNINITIALIZED_AUTOS = YES_AGGRESSIVE;
				GCC_WARN_UNUSED_FUNCTION = YES;
				GCC_WARN_UNUSED_VARIABLE = YES;
				IPHONEOS_DEPLOYMENT_TARGET = 16.2;
				MTL_ENABLE_DEBUG_INFO = INCLUDE_SOURCE;
				MTL_FAST_MATH = YES;
				ONLY_ACTIVE_ARCH = YES;
				SDKROOT = iphoneos;
				SWIFT_ACTIVE_COMPILATION_CONDITIONS = DEBUG;
				SWIFT_OPTIMIZATION_LEVEL = "-Onone";
			};
			name = Debug;
		};
		B221A402296F9F010076A0ED /* Release */ = {
			isa = XCBuildConfiguration;
			buildSettings = {
				ALWAYS_SEARCH_USER_PATHS = NO;
				CLANG_ANALYZER_NONNULL = YES;
				CLANG_ANALYZER_NUMBER_OBJECT_CONVERSION = YES_AGGRESSIVE;
				CLANG_CXX_LANGUAGE_STANDARD = "gnu++20";
				CLANG_ENABLE_MODULES = YES;
				CLANG_ENABLE_OBJC_ARC = YES;
				CLANG_ENABLE_OBJC_WEAK = YES;
				CLANG_WARN_BLOCK_CAPTURE_AUTORELEASING = YES;
				CLANG_WARN_BOOL_CONVERSION = YES;
				CLANG_WARN_COMMA = YES;
				CLANG_WARN_CONSTANT_CONVERSION = YES;
				CLANG_WARN_DEPRECATED_OBJC_IMPLEMENTATIONS = YES;
				CLANG_WARN_DIRECT_OBJC_ISA_USAGE = YES_ERROR;
				CLANG_WARN_DOCUMENTATION_COMMENTS = YES;
				CLANG_WARN_EMPTY_BODY = YES;
				CLANG_WARN_ENUM_CONVERSION = YES;
				CLANG_WARN_INFINITE_RECURSION = YES;
				CLANG_WARN_INT_CONVERSION = YES;
				CLANG_WARN_NON_LITERAL_NULL_CONVERSION = YES;
				CLANG_WARN_OBJC_IMPLICIT_RETAIN_SELF = YES;
				CLANG_WARN_OBJC_LITERAL_CONVERSION = YES;
				CLANG_WARN_OBJC_ROOT_CLASS = YES_ERROR;
				CLANG_WARN_QUOTED_INCLUDE_IN_FRAMEWORK_HEADER = YES;
				CLANG_WARN_RANGE_LOOP_ANALYSIS = YES;
				CLANG_WARN_STRICT_PROTOTYPES = YES;
				CLANG_WARN_SUSPICIOUS_MOVE = YES;
				CLANG_WARN_UNGUARDED_AVAILABILITY = YES_AGGRESSIVE;
				CLANG_WARN_UNREACHABLE_CODE = YES;
				CLANG_WARN__DUPLICATE_METHOD_MATCH = YES;
				COPY_PHASE_STRIP = NO;
				DEBUG_INFORMATION_FORMAT = "dwarf-with-dsym";
				ENABLE_NS_ASSERTIONS = NO;
				ENABLE_STRICT_OBJC_MSGSEND = YES;
				GCC_C_LANGUAGE_STANDARD = gnu11;
				GCC_NO_COMMON_BLOCKS = YES;
				GCC_WARN_64_TO_32_BIT_CONVERSION = YES;
				GCC_WARN_ABOUT_RETURN_TYPE = YES_ERROR;
				GCC_WARN_UNDECLARED_SELECTOR = YES;
				GCC_WARN_UNINITIALIZED_AUTOS = YES_AGGRESSIVE;
				GCC_WARN_UNUSED_FUNCTION = YES;
				GCC_WARN_UNUSED_VARIABLE = YES;
				IPHONEOS_DEPLOYMENT_TARGET = 16.2;
				MTL_ENABLE_DEBUG_INFO = NO;
				MTL_FAST_MATH = YES;
				SDKROOT = iphoneos;
				SWIFT_COMPILATION_MODE = wholemodule;
				SWIFT_OPTIMIZATION_LEVEL = "-O";
				VALIDATE_PRODUCT = YES;
			};
			name = Release;
		};
		B221A404296F9F010076A0ED /* Debug */ = {
			isa = XCBuildConfiguration;
			buildSettings = {
				ASSETCATALOG_COMPILER_APPICON_NAME = AppIcon;
				ASSETCATALOG_COMPILER_GLOBAL_ACCENT_COLOR_NAME = AccentColor;
				CODE_SIGN_STYLE = Automatic;
				CURRENT_PROJECT_VERSION = 1;
				DEVELOPMENT_ASSET_PATHS = "\"First/Preview Content\"";
				ENABLE_PREVIEWS = YES;
				GENERATE_INFOPLIST_FILE = YES;
				INFOPLIST_KEY_UIApplicationSceneManifest_Generation = YES;
				INFOPLIST_KEY_UIApplicationSupportsIndirectInputEvents = YES;
				INFOPLIST_KEY_UILaunchScreen_Generation = YES;
				INFOPLIST_KEY_UISupportedInterfaceOrientations_iPad = "UIInterfaceOrientationPortrait UIInterfaceOrientationPortraitUpsideDown UIInterfaceOrientationLandscapeLeft UIInterfaceOrientationLandscapeRight";
				INFOPLIST_KEY_UISupportedInterfaceOrientations_iPhone = "UIInterfaceOrientationPortrait UIInterfaceOrientationLandscapeLeft UIInterfaceOrientationLandscapeRight";
				LD_RUNPATH_SEARCH_PATHS = (
					"$(inherited)",
					"@executable_path/Frameworks",
				);
				MARKETING_VERSION = 1.0;
				PRODUCT_BUNDLE_IDENTIFIER = com.wholespace.first.First;
				PRODUCT_NAME = "$(TARGET_NAME)";
				SWIFT_EMIT_LOC_STRINGS = YES;
				SWIFT_VERSION = 5.0;
				TARGETED_DEVICE_FAMILY = "1,2";
			};
			name = Debug;
		};
		B221A405296F9F010076A0ED /* Release */ = {
			isa = XCBuildConfiguration;
			buildSettings = {
				ASSETCATALOG_COMPILER_APPICON_NAME = AppIcon;
				ASSETCATALOG_COMPILER_GLOBAL_ACCENT_COLOR_NAME = AccentColor;
				CODE_SIGN_STYLE = Automatic;
				CURRENT_PROJECT_VERSION = 1;
				DEVELOPMENT_ASSET_PATHS = "\"First/Preview Content\"";
				ENABLE_PREVIEWS = YES;
				GENERATE_INFOPLIST_FILE = YES;
				INFOPLIST_KEY_UIApplicationSceneManifest_Generation = YES;
				INFOPLIST_KEY_UIApplicationSupportsIndirectInputEvents = YES;
				INFOPLIST_KEY_UILaunchScreen_Generation = YES;
				INFOPLIST_KEY_UISupportedInterfaceOrientations_iPad = "UIInterfaceOrientationPortrait UIInterfaceOrientationPortraitUpsideDown UIInterfaceOrientationLandscapeLeft UIInterfaceOrientationLandscapeRight";
				INFOPLIST_KEY_UISupportedInterfaceOrientations_iPhone = "UIInterfaceOrientationPortrait UIInterfaceOrientationLandscapeLeft UIInterfaceOrientationLandscapeRight";
				LD_RUNPATH_SEARCH_PATHS = (
					"$(inherited)",
					"@executable_path/Frameworks",
				);
				MARKETING_VERSION = 1.0;
				PRODUCT_BUNDLE_IDENTIFIER = com.wholespace.first.First;
				PRODUCT_NAME = "$(TARGET_NAME)";
				SWIFT_EMIT_LOC_STRINGS = YES;
				SWIFT_VERSION = 5.0;
				TARGETED_DEVICE_FAMILY = "1,2";
			};
			name = Release;
		};
		B221A407296F9F010076A0ED /* Debug */ = {
			isa = XCBuildConfiguration;
			buildSettings = {
				ALWAYS_EMBED_SWIFT_STANDARD_LIBRARIES = YES;
				BUNDLE_LOADER = "$(TEST_HOST)";
				CODE_SIGN_STYLE = Automatic;
				CURRENT_PROJECT_VERSION = 1;
				GENERATE_INFOPLIST_FILE = YES;
				IPHONEOS_DEPLOYMENT_TARGET = 16.2;
				MARKETING_VERSION = 1.0;
				PRODUCT_BUNDLE_IDENTIFIER = com.wholespace.first.FirstTests;
				PRODUCT_NAME = "$(TARGET_NAME)";
				SWIFT_EMIT_LOC_STRINGS = NO;
				SWIFT_VERSION = 5.0;
				TARGETED_DEVICE_FAMILY = "1,2";
				TEST_HOST = "$(BUILT_PRODUCTS_DIR)/First.app/$(BUNDLE_EXECUTABLE_FOLDER_PATH)/First";
			};
			name = Debug;
		};
		B221A408296F9F010076A0ED /* Release */ = {
			isa = XCBuildConfiguration;
			buildSettings = {
				ALWAYS_EMBED_SWIFT_STANDARD_LIBRARIES = YES;
				BUNDLE_LOADER = "$(TEST_HOST)";
				CODE_SIGN_STYLE = Automatic;
				CURRENT_PROJECT_VERSION = 1;
				GENERATE_INFOPLIST_FILE = YES;
				IPHONEOS_DEPLOYMENT_TARGET = 16.2;
				MARKETING_VERSION = 1.0;
				PRODUCT_BUNDLE_IDENTIFIER = com.wholespace.first.FirstTests;
				PRODUCT_NAME = "$(TARGET_NAME)";
				SWIFT_EMIT_LOC_STRINGS = NO;
				SWIFT_VERSION = 5.0;
				TARGETED_DEVICE_FAMILY = "1,2";
				TEST_HOST = "$(BUILT_PRODUCTS_DIR)/First.app/$(BUNDLE_EXECUTABLE_FOLDER_PATH)/First";
			};
			name = Release;
		};
		B221A40A296F9F010076A0ED /* Debug */ = {
			isa = XCBuildConfiguration;
			buildSettings = {
				ALWAYS_EMBED_SWIFT_STANDARD_LIBRARIES = YES;
				CODE_SIGN_STYLE = Automatic;
				CURRENT_PROJECT_VERSION = 1;
				GENERATE_INFOPLIST_FILE = YES;
				MARKETING_VERSION = 1.0;
				PRODUCT_BUNDLE_IDENTIFIER = com.wholespace.first.FirstUITests;
				PRODUCT_NAME = "$(TARGET_NAME)";
				SWIFT_EMIT_LOC_STRINGS = NO;
				SWIFT_VERSION = 5.0;
				TARGETED_DEVICE_FAMILY = "1,2";
				TEST_TARGET_NAME = First;
			};
			name = Debug;
		};
		B221A40B296F9F010076A0ED /* Release */ = {
			isa = XCBuildConfiguration;
			buildSettings = {
				ALWAYS_EMBED_SWIFT_STANDARD_LIBRARIES = YES;
				CODE_SIGN_STYLE = Automatic;
				CURRENT_PROJECT_VERSION = 1;
				GENERATE_INFOPLIST_FILE = YES;
				MARKETING_VERSION = 1.0;
				PRODUCT_BUNDLE_IDENTIFIER = com.wholespace.first.FirstUITests;
				PRODUCT_NAME = "$(TARGET_NAME)";
				SWIFT_EMIT_LOC_STRINGS = NO;
				SWIFT_VERSION = 5.0;
				TARGETED_DEVICE_FAMILY = "1,2";
				TEST_TARGET_NAME = First;
			};
			name = Release;
		};
/* End XCBuildConfiguration section */

/* Begin XCConfigurationList section */
		B221A3DA296F9EF30076A0ED /* Build configuration list for PBXProject "First" */ = {
			isa = XCConfigurationList;
			buildConfigurations = (
				B221A401296F9F010076A0ED /* Debug */,
				B221A402296F9F010076A0ED /* Release */,
			);
			defaultConfigurationIsVisible = 0;
			defaultConfigurationName = Release;
		};
		B221A403296F9F010076A0ED /* Build configuration list for PBXNativeTarget "First" */ = {
			isa = XCConfigurationList;
			buildConfigurations = (
				B221A404296F9F010076A0ED /* Debug */,
				B221A405296F9F010076A0ED /* Release */,
			);
			defaultConfigurationIsVisible = 0;
			defaultConfigurationName = Release;
		};
		B221A406296F9F010076A0ED /* Build configuration list for PBXNativeTarget "FirstTests" */ = {
			isa = XCConfigurationList;
			buildConfigurations = (
				B221A407296F9F010076A0ED /* Debug */,
				B221A408296F9F010076A0ED /* Release */,
			);
			defaultConfigurationIsVisible = 0;
			defaultConfigurationName = Release;
		};
		B221A409296F9F010076A0ED /* Build configuration list for PBXNativeTarget "FirstUITests" */ = {
			isa = XCConfigurationList;
			buildConfigurations = (
				B221A40A296F9F010076A0ED /* Debug */,
				B221A40B296F9F010076A0ED /* Release */,
			);
			defaultConfigurationIsVisible = 0;
			defaultConfigurationName = Release;
		};
/* End XCConfigurationList section */
	};
	rootObject = B221A3D7296F9EF30076A0ED /* Project object */;
}
